
Microsoft Visual Studio Solution File, Format Version 12.00
# Visual Studio Version 17
VisualStudioVersion = 17.12.35521.163 d17.12
MinimumVisualStudioVersion = 10.0.40219.1
Project("{2150E333-8FDC-42A3-9474-1A3956D46DE8}") = "src", "src", "{56BCB44B-55FA-4E89-8C53-BA289E807AE5}"
EndProject
Project("{2150E333-8FDC-42A3-9474-1A3956D46DE8}") = "Services", "Services", "{41E479E4-B8E7-49D5-917B-F98F31C3D083}"
EndProject
Project("{FAE04EC0-301F-11D3-BF4B-00C04F79EFBC}") = "PruebaCoink.Api", "PruebaCoink.Api\PruebaCoink.Api.csproj", "{01243D48-71BA-4966-AAC1-E010425F9DE6}"
EndProject
Project("{2150E333-8FDC-42A3-9474-1A3956D46DE8}") = "Application", "Application", "{8C9E81FD-1398-4671-A43F-6404FA56CE7E}"
EndProject
Project("{FAE04EC0-301F-11D3-BF4B-00C04F79EFBC}") = "PruebaCoinl.Application.Dtos", "PruebaCoinl.Application.Dtos\PruebaCoinl.Application.Dtos.csproj", "{83F2EB78-9319-414A-A80A-B4DD93151B84}"
EndProject
Project("{FAE04EC0-301F-11D3-BF4B-00C04F79EFBC}") = "PruebaCoink.Application.Interfaces", "PruebaCoink.Application.Interfaces\PruebaCoink.Application.Interfaces.csproj", "{7EA92B32-0173-4CD6-B872-67DFA6C0D6AF}"
EndProject
Project("{FAE04EC0-301F-11D3-BF4B-00C04F79EFBC}") = "PruebaCoink.Application.UseCases", "PruebaCoink.Application.UseCases\PruebaCoink.Application.UseCases.csproj", "{013C3711-E532-4B60-96E8-AB993026747B}"
EndProject
Project("{2150E333-8FDC-42A3-9474-1A3956D46DE8}") = "Domain", "Domain", "{A5FBFCE7-145E-4503-B025-C6024B2115C4}"
EndProject
Project("{FAE04EC0-301F-11D3-BF4B-00C04F79EFBC}") = "PruebaCoink.Domain", "PruebaCoink.Domain\PruebaCoink.Domain.csproj", "{53242A35-13A3-4CAF-8F83-44549B3ADFC3}"
EndProject
Project("{2150E333-8FDC-42A3-9474-1A3956D46DE8}") = "Infraestructure", "Infraestructure", "{741C6AD9-D6A9-48A8-8A4C-08199BAFCAD6}"
EndProject
Project("{FAE04EC0-301F-11D3-BF4B-00C04F79EFBC}") = "PruebaCoink.Persistence", "PruebaCoink.Persistence\PruebaCoink.Persistence.csproj", "{2482CAF1-F6F5-4155-9A38-8613401CC973}"
EndProject
Project("{2150E333-8FDC-42A3-9474-1A3956D46DE8}") = "Utilities", "Utilities", "{5031354C-9FDA-451A-9281-B87F44204A26}"
EndProject
Project("{FAE04EC0-301F-11D3-BF4B-00C04F79EFBC}") = "PruebaCoink.Utilities", "PruebaCoink.Utilities\PruebaCoink.Utilities.csproj", "{9FB5E773-66FF-4349-A25F-9D9F82AD21E4}"
EndProject
Global
	GlobalSection(SolutionConfigurationPlatforms) = preSolution
		Debug|Any CPU = Debug|Any CPU
		Release|Any CPU = Release|Any CPU
	EndGlobalSection
	GlobalSection(ProjectConfigurationPlatforms) = postSolution
		{01243D48-71BA-4966-AAC1-E010425F9DE6}.Debug|Any CPU.ActiveCfg = Debug|Any CPU
		{01243D48-71BA-4966-AAC1-E010425F9DE6}.Debug|Any CPU.Build.0 = Debug|Any CPU
		{01243D48-71BA-4966-AAC1-E010425F9DE6}.Release|Any CPU.ActiveCfg = Release|Any CPU
		{01243D48-71BA-4966-AAC1-E010425F9DE6}.Release|Any CPU.Build.0 = Release|Any CPU
		{83F2EB78-9319-414A-A80A-B4DD93151B84}.Debug|Any CPU.ActiveCfg = Debug|Any CPU
		{83F2EB78-9319-414A-A80A-B4DD93151B84}.Debug|Any CPU.Build.0 = Debug|Any CPU
		{83F2EB78-9319-414A-A80A-B4DD93151B84}.Release|Any CPU.ActiveCfg = Release|Any CPU
		{83F2EB78-9319-414A-A80A-B4DD93151B84}.Release|Any CPU.Build.0 = Release|Any CPU
		{7EA92B32-0173-4CD6-B872-67DFA6C0D6AF}.Debug|Any CPU.ActiveCfg = Debug|Any CPU
		{7EA92B32-0173-4CD6-B872-67DFA6C0D6AF}.Debug|Any CPU.Build.0 = Debug|Any CPU
		{7EA92B32-0173-4CD6-B872-67DFA6C0D6AF}.Release|Any CPU.ActiveCfg = Release|Any CPU
		{7EA92B32-0173-4CD6-B872-67DFA6C0D6AF}.Release|Any CPU.Build.0 = Release|Any CPU
		{013C3711-E532-4B60-96E8-AB993026747B}.Debug|Any CPU.ActiveCfg = Debug|Any CPU
		{013C3711-E532-4B60-96E8-AB993026747B}.Debug|Any CPU.Build.0 = Debug|Any CPU
		{013C3711-E532-4B60-96E8-AB993026747B}.Release|Any CPU.ActiveCfg = Release|Any CPU
		{013C3711-E532-4B60-96E8-AB993026747B}.Release|Any CPU.Build.0 = Release|Any CPU
		{53242A35-13A3-4CAF-8F83-44549B3ADFC3}.Debug|Any CPU.ActiveCfg = Debug|Any CPU
		{53242A35-13A3-4CAF-8F83-44549B3ADFC3}.Debug|Any CPU.Build.0 = Debug|Any CPU
		{53242A35-13A3-4CAF-8F83-44549B3ADFC3}.Release|Any CPU.ActiveCfg = Release|Any CPU
		{53242A35-13A3-4CAF-8F83-44549B3ADFC3}.Release|Any CPU.Build.0 = Release|Any CPU
		{2482CAF1-F6F5-4155-9A38-8613401CC973}.Debug|Any CPU.ActiveCfg = Debug|Any CPU
		{2482CAF1-F6F5-4155-9A38-8613401CC973}.Debug|Any CPU.Build.0 = Debug|Any CPU
		{2482CAF1-F6F5-4155-9A38-8613401CC973}.Release|Any CPU.ActiveCfg = Release|Any CPU
		{2482CAF1-F6F5-4155-9A38-8613401CC973}.Release|Any CPU.Build.0 = Release|Any CPU
		{9FB5E773-66FF-4349-A25F-9D9F82AD21E4}.Debug|Any CPU.ActiveCfg = Debug|Any CPU
		{9FB5E773-66FF-4349-A25F-9D9F82AD21E4}.Debug|Any CPU.Build.0 = Debug|Any CPU
		{9FB5E773-66FF-4349-A25F-9D9F82AD21E4}.Release|Any CPU.ActiveCfg = Release|Any CPU
		{9FB5E773-66FF-4349-A25F-9D9F82AD21E4}.Release|Any CPU.Build.0 = Release|Any CPU
	EndGlobalSection
	GlobalSection(SolutionProperties) = preSolution
		HideSolutionNode = FALSE
	EndGlobalSection
	GlobalSection(NestedProjects) = preSolution
		{41E479E4-B8E7-49D5-917B-F98F31C3D083} = {56BCB44B-55FA-4E89-8C53-BA289E807AE5}
		{01243D48-71BA-4966-AAC1-E010425F9DE6} = {41E479E4-B8E7-49D5-917B-F98F31C3D083}
		{8C9E81FD-1398-4671-A43F-6404FA56CE7E} = {56BCB44B-55FA-4E89-8C53-BA289E807AE5}
		{83F2EB78-9319-414A-A80A-B4DD93151B84} = {8C9E81FD-1398-4671-A43F-6404FA56CE7E}
		{7EA92B32-0173-4CD6-B872-67DFA6C0D6AF} = {8C9E81FD-1398-4671-A43F-6404FA56CE7E}
		{013C3711-E532-4B60-96E8-AB993026747B} = {8C9E81FD-1398-4671-A43F-6404FA56CE7E}
		{A5FBFCE7-145E-4503-B025-C6024B2115C4} = {56BCB44B-55FA-4E89-8C53-BA289E807AE5}
		{53242A35-13A3-4CAF-8F83-44549B3ADFC3} = {A5FBFCE7-145E-4503-B025-C6024B2115C4}
		{741C6AD9-D6A9-48A8-8A4C-08199BAFCAD6} = {56BCB44B-55FA-4E89-8C53-BA289E807AE5}
		{2482CAF1-F6F5-4155-9A38-8613401CC973} = {741C6AD9-D6A9-48A8-8A4C-08199BAFCAD6}
		{5031354C-9FDA-451A-9281-B87F44204A26} = {56BCB44B-55FA-4E89-8C53-BA289E807AE5}
		{9FB5E773-66FF-4349-A25F-9D9F82AD21E4} = {5031354C-9FDA-451A-9281-B87F44204A26}
	EndGlobalSection
EndGlobal
